
Microsoft Visual Studio Solution File, Format Version 12.00
# Visual Studio Version 16
VisualStudioVersion = 16.0.31424.327
MinimumVisualStudioVersion = 10.0.40219.1
Project("{FAE04EC0-301F-11D3-BF4B-00C04F79EFBC}") = "CoreProject", "CoreProject\CoreProject.csproj", "{DF66AD72-E38B-4ECA-8825-F78F6EED8ABD}"
EndProject
Global
	GlobalSection(SolutionConfigurationPlatforms) = preSolution
		Debug|Any CPU = Debug|Any CPU
		Release|Any CPU = Release|Any CPU
	EndGlobalSection
	GlobalSection(ProjectConfigurationPlatforms) = postSolution
		{DF66AD72-E38B-4ECA-8825-F78F6EED8ABD}.Debug|Any CPU.ActiveCfg = Debug|Any CPU
		{DF66AD72-E38B-4ECA-8825-F78F6EED8ABD}.Debug|Any CPU.Build.0 = Debug|Any CPU
		{DF66AD72-E38B-4ECA-8825-F78F6EED8ABD}.Release|Any CPU.ActiveCfg = Release|Any CPU
		{DF66AD72-E38B-4ECA-8825-F78F6EED8ABD}.Release|Any CPU.Build.0 = Release|Any CPU
	EndGlobalSection
	GlobalSection(SolutionProperties) = preSolution
		HideSolutionNode = FALSE
	EndGlobalSection
	GlobalSection(ExtensibilityGlobals) = postSolution
		SolutionGuid = {CFBA8132-374B-4EC8-8210-4DEDE5EBA917}
	EndGlobalSection
EndGlobal
